{
  "lockfileVersion": 1,
  "configVersion": 0,
  "workspaces": {
    "": {
      "name": "yt-collection-web",
      "dependencies": {
        "express": "^5.1.0",
      },
    },
  },
  "packages": {
    "accepts": ["accepts@2.0.0", "https://pkgs.dev.azure.com/Ascendon/Phoenix/_packaging/phoenix.html/npm/registry/accepts/-/accepts-2.0.0.tgz", { "dependencies": { "mime-types": "^3.0.0", "negotiator": "^1.0.0" } }, "sha1-u89LpQdUZ/PyEx6rPP/HPC9deJU="],

    "body-parser": ["body-parser@2.3.0", "https://pkgs.dev.azure.com/Ascendon/Phoenix/_packaging/phoenix.html/npm/registry/body-parser/-/body-parser-2.3.0.tgz", { "dependencies": { "bytes": "^3.1.2", "content-type": "^2.0.0", "debug": "^4.4.3", "http-errors": "^2.0.1", "iconv-lite": "^0.7.2", "on-finished": "^2.4.1", "qs": "^6.15.2", "raw-body": "^3.0.2", "type-is": "^2.1.0" } }, "sha1-bYZi9NjDNgKLismqJCUbDKZLpDc="],

    "bytes": ["bytes@3.1.2", "https://pkgs.dev.azure.com/Ascendon/Phoenix/_packaging/phoenix.html/npm/registry/bytes/-/bytes-3.1.2.tgz", {}, "sha1-iwvuuYYFrfGxKPpDhkA8AJ4CIaU="],

    "call-bind-apply-helpers": ["call-bind-apply-helpers@1.0.2", "https://pkgs.dev.azure.com/Ascendon/Phoenix/_packaging/phoenix.html/npm/registry/call-bind-apply-helpers/-/call-bind-apply-helpers-1.0.2.tgz", { "dependencies": { "es-errors": "^1.3.0", "function-bind": "^1.1.2" } }, "sha1-S1QowiK+mF15w9gmV0edvgtZstY="],

    "call-bound": ["call-bound@1.0.4", "https://pkgs.dev.azure.com/Ascendon/Phoenix/_packaging/phoenix.html/npm/registry/call-bound/-/call-bound-1.0.4.tgz", { "dependencies": { "call-bind-apply-helpers": "^1.0.2", "get-intrinsic": "^1.3.0" } }, "sha1-I43pNdKippKSjFOMfM+pEGf9Bio="],

    "content-disposition": ["content-disposition@1.1.0", "https://pkgs.dev.azure.com/Ascendon/Phoenix/_packaging/phoenix.html/npm/registry/content-disposition/-/content-disposition-1.1.0.tgz", {}, "sha1-89t4nHUtRVZMx+nh4LMXkNSjjhc="],

    "content-type": ["content-type@1.0.5", "https://pkgs.dev.azure.com/Ascendon/Phoenix/_packaging/phoenix.html/npm/registry/content-type/-/content-type-1.0.5.tgz", {}, "sha1-i3cxYmVtHRCGeEyPI6VM5tc9eRg="],

    "cookie": ["cookie@0.7.2", "https://pkgs.dev.azure.com/Ascendon/Phoenix/_packaging/phoenix.html/npm/registry/cookie/-/cookie-0.7.2.tgz", {}, "sha1-VWNpxHKiupEPKXmJG1JrNDYjftc="],

    "cookie-signature": ["cookie-signature@1.2.2", "https://pkgs.dev.azure.com/Ascendon/Phoenix/_packaging/phoenix.html/npm/registry/cookie-signature/-/cookie-signature-1.2.2.tgz", {}, "sha1-V8f8PMKTrKuf7FTXPhVpDr5KF5M="],

    "debug": ["debug@4.4.3", "https://pkgs.dev.azure.com/Ascendon/Phoenix/_packaging/phoenix.html/npm/registry/debug/-/debug-4.4.3.tgz", { "dependencies": { "ms": "^2.1.3" } }, "sha1-xq5DLZvZZiWC/OCHCbA4xY6ePWo="],

    "depd": ["depd@2.0.0", "https://pkgs.dev.azure.com/Ascendon/Phoenix/_packaging/phoenix.html/npm/registry/depd/-/depd-2.0.0.tgz", {}, "sha1-tpYWPMdXVg0JzyLMj60Vcbeedt8="],

    "dunder-proto": ["dunder-proto@1.0.1", "https://pkgs.dev.azure.com/Ascendon/Phoenix/_packaging/phoenix.html/npm/registry/dunder-proto/-/dunder-proto-1.0.1.tgz", { "dependencies": { "call-bind-apply-helpers": "^1.0.1", "es-errors": "^1.3.0", "gopd": "^1.2.0" } }, "sha1-165mfh3INIL4tw/Q9u78UNow9Yo="],

    "ee-first": ["ee-first@1.1.1", "https://pkgs.dev.azure.com/Ascendon/Phoenix/_packaging/phoenix.html/npm/registry/ee-first/-/ee-first-1.1.1.tgz", {}, "sha1-WQxhFWsK4vTwJVcyoViyZrxWsh0="],

    "encodeurl": ["encodeurl@2.0.0", "https://pkgs.dev.azure.com/Ascendon/Phoenix/_packaging/phoenix.html/npm/registry/encodeurl/-/encodeurl-2.0.0.tgz", {}, "sha1-e46omAd9fkCdOsRUdOo46vCFelg="],

    "es-define-property": ["es-define-property@1.0.1", "https://pkgs.dev.azure.com/Ascendon/Phoenix/_packaging/phoenix.html/npm/registry/es-define-property/-/es-define-property-1.0.1.tgz", {}, "sha1-mD6y+aZyTpMD9hrd8BHHLgngsPo="],

    "es-errors": ["es-errors@1.3.0", "https://pkgs.dev.azure.com/Ascendon/Phoenix/_packaging/phoenix.html/npm/registry/es-errors/-/es-errors-1.3.0.tgz", {}, "sha1-BfdaJdq5jk+x3NXhRywFRtUFfI8="],

    "es-object-atoms": ["es-object-atoms@1.1.2", "https://pkgs.dev.azure.com/Ascendon/Phoenix/_packaging/phoenix.html/npm/registry/es-object-atoms/-/es-object-atoms-1.1.2.tgz", { "dependencies": { "es-errors": "^1.3.0" } }, "sha1-otCzcyBXJN+lJdI7DD4bHKWCyZs="],

    "escape-html": ["escape-html@1.0.3", "https://pkgs.dev.azure.com/Ascendon/Phoenix/_packaging/phoenix.html/npm/registry/escape-html/-/escape-html-1.0.3.tgz", {}, "sha1-Aljq5NPQwJdN4cFpGI7wBR0dGYg="],

    "etag": ["etag@1.8.1", "https://pkgs.dev.azure.com/Ascendon/Phoenix/_packaging/phoenix.html/npm/registry/etag/-/etag-1.8.1.tgz", {}, "sha1-Qa4u62XvpiJorr/qg6x9eSmbCIc="],

    "express": ["express@5.2.1", "https://pkgs.dev.azure.com/Ascendon/Phoenix/_packaging/phoenix.html/npm/registry/express/-/express-5.2.1.tgz", { "dependencies": { "accepts": "^2.0.0", "body-parser": "^2.2.1", "content-disposition": "^1.0.0", "content-type": "^1.0.5", "cookie": "^0.7.1", "cookie-signature": "^1.2.1", "debug": "^4.4.0", "depd": "^2.0.0", "encodeurl": "^2.0.0", "escape-html": "^1.0.3", "etag": "^1.8.1", "finalhandler": "^2.1.0", "fresh": "^2.0.0", "http-errors": "^2.0.0", "merge-descriptors": "^2.0.0", "mime-types": "^3.0.0", "on-finished": "^2.4.1", "once": "^1.4.0", "parseurl": "^1.3.3", "proxy-addr": "^2.0.7", "qs": "^6.14.0", "range-parser": "^1.2.1", "router": "^2.2.0", "send": "^1.1.0", "serve-static": "^2.2.0", "statuses": "^2.0.1", "type-is": "^2.0.1", "vary": "^1.1.2" } }, "sha1-jyHRW20yf5K0eU7PjLCKcvlWrAQ="],

    "finalhandler": ["finalhandler@2.1.1", "https://pkgs.dev.azure.com/Ascendon/Phoenix/_packaging/phoenix.html/npm/registry/finalhandler/-/finalhandler-2.1.1.tgz", { "dependencies": { "debug": "^4.4.0", "encodeurl": "^2.0.0", "escape-html": "^1.0.3", "on-finished": "^2.4.1", "parseurl": "^1.3.3", "statuses": "^2.0.1" } }, "sha1-osUXplWYUrzbBtH4vX9Rto+tgJk="],

    "forwarded": ["forwarded@0.2.0", "https://pkgs.dev.azure.com/Ascendon/Phoenix/_packaging/phoenix.html/npm/registry/forwarded/-/forwarded-0.2.0.tgz", {}, "sha1-ImmTZCiq1MFcfr6XeahL8LKoGBE="],

    "fresh": ["fresh@2.0.0", "https://pkgs.dev.azure.com/Ascendon/Phoenix/_packaging/phoenix.html/npm/registry/fresh/-/fresh-2.0.0.tgz", {}, "sha1-jdffahs6Gzpc8YbAWl3SZ2ImNaQ="],

    "function-bind": ["function-bind@1.1.2", "https://pkgs.dev.azure.com/Ascendon/Phoenix/_packaging/phoenix.html/npm/registry/function-bind/-/function-bind-1.1.2.tgz", {}, "sha1-LALYZNl/PqbIgwxGTL0Rq26rehw="],

    "get-intrinsic": ["get-intrinsic@1.3.0", "https://pkgs.dev.azure.com/Ascendon/Phoenix/_packaging/phoenix.html/npm/registry/get-intrinsic/-/get-intrinsic-1.3.0.tgz", { "dependencies": { "call-bind-apply-helpers": "^1.0.2", "es-define-property": "^1.0.1", "es-errors": "^1.3.0", "es-object-atoms": "^1.1.1", "function-bind": "^1.1.2", "get-proto": "^1.0.1", "gopd": "^1.2.0", "has-symbols": "^1.1.0", "hasown": "^2.0.2", "math-intrinsics": "^1.1.0" } }, "sha1-dD8OO2lkqTpUke0b/6rgVNf5jQE="],

    "get-proto": ["get-proto@1.0.1", "https://pkgs.dev.azure.com/Ascendon/Phoenix/_packaging/phoenix.html/npm/registry/get-proto/-/get-proto-1.0.1.tgz", { "dependencies": { "dunder-proto": "^1.0.1", "es-object-atoms": "^1.0.0" } }, "sha1-FQs/J0OGnvPoUewMSdFbHRTQDuE="],

    "gopd": ["gopd@1.2.0", "https://pkgs.dev.azure.com/Ascendon/Phoenix/_packaging/phoenix.html/npm/registry/gopd/-/gopd-1.2.0.tgz", {}, "sha1-ifVrghe9vIgCvSmd9tfxCB1+UaE="],

    "has-symbols": ["has-symbols@1.1.0", "https://pkgs.dev.azure.com/Ascendon/Phoenix/_packaging/phoenix.html/npm/registry/has-symbols/-/has-symbols-1.1.0.tgz", {}, "sha1-/JxqeDoISVHQuXH+EBjegTcHozg="],

    "hasown": ["hasown@2.0.4", "https://pkgs.dev.azure.com/Ascendon/Phoenix/_packaging/phoenix.html/npm/registry/hasown/-/hasown-2.0.4.tgz", { "dependencies": { "function-bind": "^1.1.2" } }, "sha1-jGLYy5C+sqrV0KW2dYGtmFTD8AM="],

    "http-errors": ["http-errors@2.0.1", "https://pkgs.dev.azure.com/Ascendon/Phoenix/_packaging/phoenix.html/npm/registry/http-errors/-/http-errors-2.0.1.tgz", { "dependencies": { "depd": "~2.0.0", "inherits": "~2.0.4", "setprototypeof": "~1.2.0", "statuses": "~2.0.2", "toidentifier": "~1.0.1" } }, "sha1-NtL2W8kJyHkAGN02+02T2myq4Gs="],

    "iconv-lite": ["iconv-lite@0.7.3", "https://pkgs.dev.azure.com/Ascendon/Phoenix/_packaging/phoenix.html/npm/registry/iconv-lite/-/iconv-lite-0.7.3.tgz", { "dependencies": { "safer-buffer": ">= 2.1.2 < 3.0.0" } }, "sha1-hO4S+WPn3lC8AaE+FgoHizsPQV8="],

    "inherits": ["inherits@2.0.4", "https://pkgs.dev.azure.com/Ascendon/Phoenix/_packaging/phoenix.html/npm/registry/inherits/-/inherits-2.0.4.tgz", {}, "sha1-D6LGT5MpF8NDOg3tVTY6rjdBa3w="],

    "ipaddr.js": ["ipaddr.js@1.9.1", "https://pkgs.dev.azure.com/Ascendon/Phoenix/_packaging/phoenix.html/npm/registry/ipaddr.js/-/ipaddr.js-1.9.1.tgz", {}, "sha1-v/OFQ+64mEglB5/zoqjmy9RngbM="],

    "is-promise": ["is-promise@4.0.0", "https://pkgs.dev.azure.com/Ascendon/Phoenix/_packaging/phoenix.html/npm/registry/is-promise/-/is-promise-4.0.0.tgz", {}, "sha1-Qv+fhCBsGZHSbev1IN1cAQQt0vM="],

    "math-intrinsics": ["math-intrinsics@1.1.0", "https://pkgs.dev.azure.com/Ascendon/Phoenix/_packaging/phoenix.html/npm/registry/math-intrinsics/-/math-intrinsics-1.1.0.tgz", {}, "sha1-oN10voHiqlwvJ+Zc4oNgXuTit/k="],

    "media-typer": ["media-typer@1.1.1", "https://pkgs.dev.azure.com/Ascendon/Phoenix/_packaging/phoenix.html/npm/registry/media-typer/-/media-typer-1.1.1.tgz", {}, "sha1-bwNUAN/jq51WB7x3VGzjDML5xrg="],

    "merge-descriptors": ["merge-descriptors@2.0.0", "https://pkgs.dev.azure.com/Ascendon/Phoenix/_packaging/phoenix.html/npm/registry/merge-descriptors/-/merge-descriptors-2.0.0.tgz", {}, "sha1-6pIvZgY1oiSe5WXgRJ+VHmtgOAg="],

    "mime-db": ["mime-db@1.54.0", "https://pkgs.dev.azure.com/Ascendon/Phoenix/_packaging/phoenix.html/npm/registry/mime-db/-/mime-db-1.54.0.tgz", {}, "sha1-zds+5PnGRTDf9kAjZmHULLajFPU="],

    "mime-types": ["mime-types@3.0.2", "https://pkgs.dev.azure.com/Ascendon/Phoenix/_packaging/phoenix.html/npm/registry/mime-types/-/mime-types-3.0.2.tgz", { "dependencies": { "mime-db": "^1.54.0" } }, "sha1-OQAtQYJXXVrwNv+hGBAPJSSy4qs="],

    "ms": ["ms@2.1.3", "https://pkgs.dev.azure.com/Ascendon/Phoenix/_packaging/phoenix.html/npm/registry/ms/-/ms-2.1.3.tgz", {}, "sha1-V0yBOM4dK1hh8LRFedut1gxmFbI="],

    "negotiator": ["negotiator@1.1.0", "https://pkgs.dev.azure.com/Ascendon/Phoenix/_packaging/phoenix.html/npm/registry/negotiator/-/negotiator-1.1.0.tgz", { "dependencies": { "content-type": "^2.1.0" } }, "sha1-FuAD0NtKwk/Z3xaO34cWJd7q498="],

    "object-inspect": ["object-inspect@1.13.4", "https://pkgs.dev.azure.com/Ascendon/Phoenix/_packaging/phoenix.html/npm/registry/object-inspect/-/object-inspect-1.13.4.tgz", {}, "sha1-g3UmXiG8IND6WCwi4bE0hdbgAhM="],

    "on-finished": ["on-finished@2.4.1", "https://pkgs.dev.azure.com/Ascendon/Phoenix/_packaging/phoenix.html/npm/registry/on-finished/-/on-finished-2.4.1.tgz", { "dependencies": { "ee-first": "1.1.1" } }, "sha1-WMjEQRblSEWtV/FKsQsDUzGErD8="],

    "once": ["once@1.4.0", "https://pkgs.dev.azure.com/Ascendon/Phoenix/_packaging/phoenix.html/npm/registry/once/-/once-1.4.0.tgz", { "dependencies": { "wrappy": "1" } }, "sha1-WDsap3WWHUsROsF9nFC6753Xa9E="],

    "parseurl": ["parseurl@1.3.3", "https://pkgs.dev.azure.com/Ascendon/Phoenix/_packaging/phoenix.html/npm/registry/parseurl/-/parseurl-1.3.3.tgz", {}, "sha1-naGee+6NEt/wUT7Vt2lXeTvC6NQ="],

    "path-to-regexp": ["path-to-regexp@8.4.2", "https://pkgs.dev.azure.com/Ascendon/Phoenix/_packaging/phoenix.html/npm/registry/path-to-regexp/-/path-to-regexp-8.4.2.tgz", {}, "sha1-eVxCDE98pFxbiHNm9iLuDJhSzM0="],

    "proxy-addr": ["proxy-addr@2.0.8", "https://pkgs.dev.azure.com/Ascendon/Phoenix/_packaging/phoenix.html/npm/registry/proxy-addr/-/proxy-addr-2.0.8.tgz", { "dependencies": { "forwarded": "0.2.0", "ipaddr.js": "1.9.1" } }, "sha512-5nnx0yGyVUcY6t9RnWcARWtwT9F1D8O9rt08htPvnd49W1IgZtmLkhu9WfMzQj1cFxjHIO6connUNVW5k7AVyQ=="],

    "qs": ["qs@6.16.0", "https://pkgs.dev.azure.com/Ascendon/Phoenix/_packaging/phoenix.html/npm/registry/qs/-/qs-6.16.0.tgz", { "dependencies": { "es-define-property": "^1.0.1", "side-channel": "^1.1.1" } }, "sha1-wixyOiipIPOqzc6Cifq9Q+zLef0="],

    "range-parser": ["range-parser@1.3.0", "https://pkgs.dev.azure.com/Ascendon/Phoenix/_packaging/phoenix.html/npm/registry/range-parser/-/range-parser-1.3.0.tgz", {}, "sha1-1/Gb6BK7YnIUcrRdO+IZ7wlXK0c="],

    "raw-body": ["raw-body@3.0.2", "https://pkgs.dev.azure.com/Ascendon/Phoenix/_packaging/phoenix.html/npm/registry/raw-body/-/raw-body-3.0.2.tgz", { "dependencies": { "bytes": "~3.1.2", "http-errors": "~2.0.1", "iconv-lite": "~0.7.0", "unpipe": "~1.0.0" } }, "sha1-PjraWuVWj5CV2EN2/TpJuPsAClE="],

    "router": ["router@2.2.0", "https://pkgs.dev.azure.com/Ascendon/Phoenix/_packaging/phoenix.html/npm/registry/router/-/router-2.2.0.tgz", { "dependencies": { "debug": "^4.4.0", "depd": "^2.0.0", "is-promise": "^4.0.0", "parseurl": "^1.3.3", "path-to-regexp": "^8.0.0" } }, "sha1-AZvmILcRyHZBFnzHm5kJDwCxRu8="],

    "safer-buffer": ["safer-buffer@2.1.2", "https://pkgs.dev.azure.com/Ascendon/Phoenix/_packaging/phoenix.html/npm/registry/safer-buffer/-/safer-buffer-2.1.2.tgz", {}, "sha1-RPoWGwGHuVSd2Eu5GAL5vYOFzWo="],

    "send": ["send@1.2.1", "https://pkgs.dev.azure.com/Ascendon/Phoenix/_packaging/phoenix.html/npm/registry/send/-/send-1.2.1.tgz", { "dependencies": { "debug": "^4.4.3", "encodeurl": "^2.0.0", "escape-html": "^1.0.3", "etag": "^1.8.1", "fresh": "^2.0.0", "http-errors": "^2.0.1", "mime-types": "^3.0.2", "ms": "^2.1.3", "on-finished": "^2.4.1", "range-parser": "^1.2.1", "statuses": "^2.0.2" } }, "sha1-nqt0O4dPNVD0CiaGe/KGrWDT8+0="],

    "serve-static": ["serve-static@2.2.1", "https://pkgs.dev.azure.com/Ascendon/Phoenix/_packaging/phoenix.html/npm/registry/serve-static/-/serve-static-2.2.1.tgz", { "dependencies": { "encodeurl": "^2.0.0", "escape-html": "^1.0.3", "parseurl": "^1.3.3", "send": "^1.2.0" } }, "sha1-fxhqSk5fW2Y616QpT/G/N88OmKk="],

    "setprototypeof": ["setprototypeof@1.2.0", "https://pkgs.dev.azure.com/Ascendon/Phoenix/_packaging/phoenix.html/npm/registry/setprototypeof/-/setprototypeof-1.2.0.tgz", {}, "sha1-ZsmiSnP5/CjL5msJ/tPTPcrxtCQ="],

    "side-channel": ["side-channel@1.1.1", "https://pkgs.dev.azure.com/Ascendon/Phoenix/_packaging/phoenix.html/npm/registry/side-channel/-/side-channel-1.1.1.tgz", { "dependencies": { "es-errors": "^1.3.0", "object-inspect": "^1.13.4", "side-channel-list": "^1.0.1", "side-channel-map": "^1.0.1", "side-channel-weakmap": "^1.0.2" } }, "sha1-6gLGLgXcS+pn1EQvD7ce4ZL44Ks="],

    "side-channel-list": ["side-channel-list@1.0.1", "https://pkgs.dev.azure.com/Ascendon/Phoenix/_packaging/phoenix.html/npm/registry/side-channel-list/-/side-channel-list-1.0.1.tgz", { "dependencies": { "es-errors": "^1.3.0", "object-inspect": "^1.13.4" } }, "sha1-wuC1oUpUCuvuO7xsP4ZmzJtQkSc="],

    "side-channel-map": ["side-channel-map@1.0.1", "https://pkgs.dev.azure.com/Ascendon/Phoenix/_packaging/phoenix.html/npm/registry/side-channel-map/-/side-channel-map-1.0.1.tgz", { "dependencies": { "call-bound": "^1.0.2", "es-errors": "^1.3.0", "get-intrinsic": "^1.2.5", "object-inspect": "^1.13.3" } }, "sha1-1rtrN5Asb+9RdOX1M/q0xzKib0I="],

    "side-channel-weakmap": ["side-channel-weakmap@1.0.2", "https://pkgs.dev.azure.com/Ascendon/Phoenix/_packaging/phoenix.html/npm/registry/side-channel-weakmap/-/side-channel-weakmap-1.0.2.tgz", { "dependencies": { "call-bound": "^1.0.2", "es-errors": "^1.3.0", "get-intrinsic": "^1.2.5", "object-inspect": "^1.13.3", "side-channel-map": "^1.0.1" } }, "sha1-Ed2hnVNo5Azp7CvcH7DsvAeQ7Oo="],

    "statuses": ["statuses@2.0.2", "https://pkgs.dev.azure.com/Ascendon/Phoenix/_packaging/phoenix.html/npm/registry/statuses/-/statuses-2.0.2.tgz", {}, "sha1-j3XuzvdlteHPzcCA2llAntQk44I="],

    "toidentifier": ["toidentifier@1.0.1", "https://pkgs.dev.azure.com/Ascendon/Phoenix/_packaging/phoenix.html/npm/registry/toidentifier/-/toidentifier-1.0.1.tgz", {}, "sha1-O+NDIaiKgg7RvYDfqjPkefu43TU="],

    "type-is": ["type-is@2.1.0", "https://pkgs.dev.azure.com/Ascendon/Phoenix/_packaging/phoenix.html/npm/registry/type-is/-/type-is-2.1.0.tgz", { "dependencies": { "content-type": "^2.0.0", "media-typer": "^1.1.0", "mime-types": "^3.0.0" } }, "sha1-cdGnBTKTWC4WrJ8+uvGrmqSeVXA="],

    "unpipe": ["unpipe@1.0.0", "https://pkgs.dev.azure.com/Ascendon/Phoenix/_packaging/phoenix.html/npm/registry/unpipe/-/unpipe-1.0.0.tgz", {}, "sha1-sr9O6FFKrmFltIF4KdIbLvSZBOw="],

    "vary": ["vary@1.1.2", "https://pkgs.dev.azure.com/Ascendon/Phoenix/_packaging/phoenix.html/npm/registry/vary/-/vary-1.1.2.tgz", {}, "sha1-IpnwLG3tMNSllhsLn3RSShj2NPw="],

    "wrappy": ["wrappy@1.0.2", "https://pkgs.dev.azure.com/Ascendon/Phoenix/_packaging/phoenix.html/npm/registry/wrappy/-/wrappy-1.0.2.tgz", {}, "sha1-tSQ9jz7BqjXxNkYFvA0QNuMKtp8="],

    "body-parser/content-type": ["content-type@2.1.0", "https://pkgs.dev.azure.com/Ascendon/Phoenix/_packaging/phoenix.html/npm/registry/content-type/-/content-type-2.1.0.tgz", {}, "sha1-2TicQ8Coz2o1XbRk0h4HCSpASTo="],

    "negotiator/content-type": ["content-type@2.1.0", "https://pkgs.dev.azure.com/Ascendon/Phoenix/_packaging/phoenix.html/npm/registry/content-type/-/content-type-2.1.0.tgz", {}, "sha1-2TicQ8Coz2o1XbRk0h4HCSpASTo="],

    "type-is/content-type": ["content-type@2.1.0", "https://pkgs.dev.azure.com/Ascendon/Phoenix/_packaging/phoenix.html/npm/registry/content-type/-/content-type-2.1.0.tgz", {}, "sha1-2TicQ8Coz2o1XbRk0h4HCSpASTo="],
  }
}
